github.com/TopoSimplify/box v1.0.0 h1:AtUUn3vmEyxN/v16YQmmJEtPtMotogs0yxJEGVo0CpE=
github.com/TopoSimplify/box v1.0.0/go.mod h1:1T7u3Pcb72v+TomYtWx79/1glvGgz5dT2gdD4NJkGco=
github.com/TopoSimplify/common v0.0.0-20210327231658-12b5ba980d7e h1:I1T21Kdp1Wv5vzXRO7ugwAU8X4w8olt9trMOSLOVO2E=
github.com/TopoSimplify/common v0.0.0-20210327231658-12b5ba980d7e/go.mod h1:p6dCO0L/QE4hPzjLbacNPx3mQDfLGBnB8XAYM8I+yGk=
github.com/TopoSimplify/constdp v1.0.0 h1:FtEgxfOS8PVqic3U1+9UuXxKMX2J/HE63QUR0PYiz2c=
github.com/TopoSimplify/constdp v1.0.0/go.mod h1:W39dWQ6QHvTIpV30R8LHA00hz4PdVAFRFQOHAHle698=
github.com/TopoSimplify/constrain v0.0.0-20200121234736-6881834fc373 h1:g9KF61UREj4AZn+l/M6TC7Ehnr17l8JyCNbdAVvwS0Y=
github.com/TopoSimplify/constrain v0.0.0-20200121234736-6881834fc373/go.mod h1:lIRtpxqDzhLf5hCSDJndTyApVLWgcJ/a5+hJ5MR+yRs=
github.com/TopoSimplify/ctx v0.0.0-20191218223812-3a11d3046c57 h1:UpWtnA5WaovMyWsZoz+qYntEzjww8Yxlq+HqaMJq9PI=
github.com/TopoSimplify/ctx v0.0.0-20191218223812-3a11d3046c57/go.mod h1:gvsTZleE+L1URw7NrzCFEUWDoTEKwVS4sf/Y9nE8sUc=
github.com/TopoSimplify/decompose v0.0.0-20210327232840-b280c199bd06 h1:j7TZK+2o53khnODDFTafyEUhUCoDT1f3NbIGIRZpomU=
github.com/TopoSimplify/decompose v0.0.0-20210327232840-b280c199bd06/go.mod h1:lpYGOt0MBmxLxV+MTognNpsbrYqzfkrpVJJKeFsIoTc=
github.com/TopoSimplify/deform v0.0.0-20180905234736-6fe7894314fc h1:c0AC+jNC2O1ju3F1JLF626ztYMcMWfXahstlDjxJiBg=
github.com/TopoSimplify/deform v0.0.0-20180905234736-6fe7894314fc/go.mod h1:EP/i2w7JvGZVYmEWD5GuHysFemDZeP7j6cJWRsVjDKE=
github.com/TopoSimplify/dp v1.0.1 h1:DLOfs4Z0dglFiwhOehIoYuP+hSxHVcfoQJ4E4dPsmoE=
github.com/TopoSimplify/dp v1.0.1/go.mod h1:56ihjqiI6omID0mjq512z0McD228quvYssDhM7tgtK4=
github.com/TopoSimplify/hdb v1.0.0 h1:lsUeuLygVxOPDFMrF4QhAHMD8JzUGqcWCSbulkROeME=
github.com/TopoSimplify/hdb v1.0.0/go.mod h1:MB4BMYpjC0aq4pryYkFL6SXppkTiZ0n44//KZbLzWno=
github.com/TopoSimplify/homotopy v0.0.0-20180829041249-ecc681c8cadf h1:wuZfID0IQ+ZlbT0rrvxWbEtBbrxjnaSdI4nS+tvfiE8=
github.com/TopoSimplify/homotopy v0.0.0-20180829041249-ecc681c8cadf/go.mod h1:Vs5kQkyOl3rmHP0XLEN5HDCy1qameybHLiY1mpUPzek=
github.com/TopoSimplify/knn v0.0.0-20200112084540-5fed9f206057 h1:hEgv4TN9ZT0c5xhn0a20VrfUKF2Ta0lC65hfklY1iNI=
github.com/TopoSimplify/knn v0.0.0-20200112084540-5fed9f206057/go.mod h1:qqpjtSodDVLj5SmEt5SiNsOYwwSEItt3MbTnepPZckE=
github.com/TopoSimplify/lnr v0.0.0-20191222111247-dbd70e7f863e h1:qlG0n6VumtJ5bia4/FgObb7TfJ0Wdn8HC3M3AclJCKo=
github.com/TopoSimplify/lnr v0.0.0-20191222111247-dbd70e7f863e/go.mod h1:tjZhoZSVWsDYfH+SRjxElcfXOU6wMisrH0bFo0RgIkc=
github.com/TopoSimplify/merge v0.0.0-20200115222332-a6cc5a5124f9 h1:R9gOe387e6p30+vYj0O4q9LZg6xEBNV0976VnxNq4t4=
github.com/TopoSimplify/merge v0.0.0-20200115222332-a6cc5a5124f9/go.mod h1:fR/ie0xHQy165VwdzMYhQ7DAcTGwLWLlOy+VXZIwUaw=
github.com/TopoSimplify/node v1.0.0 h1:Vb/vqzWsh+aWU1a+6jJsRUAmERb+MoFgbhYHuDDpYPk=
github.com/TopoSimplify/node v1.0.0/go.mod h1:RCJlsW1qMuzX1PwD+1agd7U/z9m8jZYAmHc6O4yqgDA=
github.com/TopoSimplify/offset v0.0.0-20191215171217-3e0ac486281e h1:pEETMwvumH73+Up8WoJWEcgae+Ikvimkl7nHp0cWIGE=
github.com/TopoSimplify/offset v0.0.0-20191215171217-3e0ac486281e/go.mod h1:ycTJlBS9Et5E1JUsb5mDFx6V6guaVaB8+soXCF+UDac=
github.com/TopoSimplify/opts v0.0.0-20180605085736-6e7d8005f4ea/go.mod h1:uEygpy2a/gtBpAEVftY38Lv8RRfnykTPvZmcF2/sVyU=
github.com/TopoSimplify/opts v1.0.0 h1:jEhoMGXmKUWxYvz1pncerTWsXZHY6/GqJe1N1zGILi4=
github.com/TopoSimplify/opts v1.0.0/go.mod h1:B0XEi6G5RsGyiIvKGAkQch7fR4DNZwAuVertBkw+G90=
github.com/TopoSimplify/pln v1.0.0 h1:WyXCriRKF/OPKw3iayFaXTrs56RImss19myJMyHnJCA=
github.com/TopoSimplify/pln v1.0.0/go.mod h1:ReqEEOLsQrfqWIKospBvADZBopjZN1DiUHfJptSfN+Q=
github.com/TopoSimplify/relate v0.0.0-20180808093300-f72c9ff672a3 h1:lhbt/FeIVuW5tQrFAYzvWAIOSKNQytnv2XtIgXW7lkg=
github.com/TopoSimplify/relate v0.0.0-20180808093300-f72c9ff672a3/go.mod h1:ovpaHPBQDxYI4sfjl9Y+yF5MUX3/wiCCD9g/BJXD0Gg=
github.com/TopoSimplify/rng v1.0.0 h1:L4bOLvJCmcun/0adx6E3bcPueG9vB6KSBwjIO9LkSNw=
github.com/TopoSimplify/rng v1.0.0/go.mod h1:FqX8RtLVIFGMoB74PA3zN5h1kGE+S7rgvRAeh7tM/mY=
github.com/TopoSimplify/split v0.0.0-20200114181942-f77b6d238c74 h1:oXY8HP/9wNEmTlQEucLy6xik5dYRTpX7CbxtDtd1g5E=
github.com/TopoSimplify/split v0.0.0-20200114181942-f77b6d238c74/go.mod h1:B1V7VFzapJIKM7QorEc40UNm4XMq/vL77/++kfSyqHI=
github.com/TopoSimplify/state v0.0.0-20191217030640-e06ef7ee1bbf h1:J8bGwcWr1eJ5IUHbwjwwkmb9r/yeqbTZREwANFAvN/c=
github.com/TopoSimplify/state v0.0.0-20191217030640-e06ef7ee1bbf/go.mod h1:Ypy+bICuC3E2H64hKCVTppRhlfQTHsyC4Q2sl6iEjrM=
github.com/franela/goblin v0.0.0-20200404164657-567a4070c437/go.mod h1:VzmDKDJVZI3aJmnRI9VjAn9nJ8qPPsN1fqzr9dqInIo=
github.com/franela/goblin v0.0.0-20200409142057-1def193310bb/go.mod h1:VzmDKDJVZI3aJmnRI9VjAn9nJ8qPPsN1fqzr9dqInIo=
github.com/franela/goblin v0.0.0-20201006155558-6240afcb2eb7/go.mod h1:VzmDKDJVZI3aJmnRI9VjAn9nJ8qPPsN1fqzr9dqInIo=
github.com/franela/goblin v0.0.0-20210113153425-413781f5e6c8/go.mod h1:VzmDKDJVZI3aJmnRI9VjAn9nJ8qPPsN1fqzr9dqInIo=
github.com/intdxdt/algor v0.0.0-20171018025553-b04f84e486fd h1:9rgSasT7VYtzw93yu6gGbTW+JBiWJcoaCiZ1Y+wWQC8=
github.com/intdxdt/algor v0.0.0-20171018025553-b04f84e486fd/go.mod h1:/39eqNevzE7YbmgY5FZTOcaBcGkM63zGC6QBX8Fq9uQ=
github.com/intdxdt/cmp v0.0.0-20171102110413-58dfeb370ea5 h1:MUMTPeXxc2eWV8qQPGG+7EXdBCWbcsvvWXF/WKleCUE=
github.com/intdxdt/cmp v0.0.0-20171102110413-58dfeb370ea5/go.mod h1:2hCobpYhPtwa+ghiz9vRqIkJlqj7dAns+cGe7UWgwMs=
github.com/intdxdt/dbits v0.0.0-20171026062838-f7e9caad92f4/go.mod h1:GLKbRshq9XwOsyiyfx2vRXbKAeDBwo8uNb6pLPDipr4=
github.com/intdxdt/deque v0.0.0-20171102130235-3e5a69a6fa23 h1:ChKHUyJTApiarUtYElkiJakZ7Iti3kwcaiuTWxrhNC8=
github.com/intdxdt/deque v0.0.0-20171102130235-3e5a69a6fa23/go.mod h1:f2J/pg9EV+3GhlZRVkosvb5YAMD8T1O61aR5UhRLi+E=
github.com/intdxdt/fan v0.0.0-20200301234418-474f7d883d4b h1:9t57O5X2hmFYE8BDd1orAylz3u0jMzSKiZvsBW2V9GE=
github.com/intdxdt/fan v0.0.0-20200301234418-474f7d883d4b/go.mod h1:eSZCT12vwNXuuTKDWzul/wFU89P9od1vutVjGi2Idco=
github.com/intdxdt/fileutil v0.0.1 h1:GRrun1n7BGFT4MRY/F1Sh65TE8vXYAyUzhPfxv4/usE=
github.com/intdxdt/fileutil v0.0.1/go.mod h1:riFb61/YntqmZWMTp8BXTw9OM5hTQhWD9PSVc4jZfa0=
github.com/intdxdt/geom v1.0.1 h1:jrkcsJugfFHzye0e0CCWMC2XDFK1eu+GKto73AxFOCw=
github.com/intdxdt/geom v1.0.1/go.mod h1:YZ7A2h4AXPegZKzl3Ds7scfAmC/c3ZjLaqN+S3o9F60=
github.com/intdxdt/heap v0.0.0-20180830201411-bfa61463ae8b h1:bhxl74DHXv67coECwjBhxYaR7AyLz/dp4iCZBMelgQE=
github.com/intdxdt/heap v0.0.0-20180830201411-bfa61463ae8b/go.mod h1:rftfIJ/6uLm3AYAFvmGu4Z017rZVaOrQ2Qsnjl2wKNs=
github.com/intdxdt/iter v1.0.0 h1:hONzsCLtn2LMUarvWP7Znvqv4gZUq2gKNGS+QlgrREA=
github.com/intdxdt/iter v1.0.0/go.mod h1:js9BjTf7DHpXEFkcdjIABs2b3xx4gDD32jBaw2W9hWo=
github.com/intdxdt/math v1.0.0 h1:zjwziZDSJwuxg6gTY12U2cDoZpAt3sFlpbJzFMaD4qk=
github.com/intdxdt/math v1.0.0/go.mod h1:/iQnUD7sXRLoOziKeJ628KqhSF3GQi7HdQ3LsbgiKpk=
github.com/intdxdt/mbr v1.0.0/go.mod h1:uXexpyXa+e2CojlaEdT6NAIbzRQh+Egt3m7rTo9x6Yc=
github.com/intdxdt/mbr v1.0.1 h1:0voC8NF2KnBWpdvI3jxe+QV6RZiHBefWVqIiDsVeG2A=
github.com/intdxdt/mbr v1.0.1/go.mod h1:WkuzIWIZXg0jNrO1o7104+Z040ZtyItsWAxR4r8flLM=
github.com/intdxdt/robust v1.0.0 h1:x5pNk5s7wF4I2s60zM57XSatrK7QXagOctFjmahrsUU=
github.com/intdxdt/robust v1.0.0/go.mod h1:uIGXMmYcuFItUjeG37oxt0x7RFXdL4MEfXP4uVstLZ0=
github.com/intdxdt/rtree v1.0.0 h1:ZyrwdX4whOJZaNQht89ogXOsMA5109r68mlGNg45v1g=
github.com/intdxdt/rtree v1.0.0/go.mod h1:VEAJkcDyoCMZ/UFgrRnbaMzhZOu00UwQV+C2RCe5+LQ=
github.com/intdxdt/side v0.0.0-20180508194449-6a1b9bdb46ba h1:mlndBDdH7+MTlaGIavtOLU38m3snidtjBiuUX5qL1Gw=
github.com/intdxdt/side v0.0.0-20180508194449-6a1b9bdb46ba/go.mod h1:bV+7CaGUxJZqgRwYw7piOvLHsFJC/kJyiMAC+qAZiSE=
github.com/intdxdt/sset v0.0.0-20180716051722-847da91b3696 h1:fYSHxilOQX5Ve9eY2PNPeabBw4U6DjLDuNQP2ac5Zx4=
github.com/intdxdt/sset v0.0.0-20180716051722-847da91b3696/go.mod h1:s0NtqRFqmW43rcs8a032FPA7HEMXo8jNat4LnJ8uxrk=
github.com/intdxdt/subsset v0.0.0-20180704174917-aa7d221d338e h1:rF7UiMv1pm55Qk96A+bw+Wl3JzEP7YwqhvFDMlrxXtU=
github.com/intdxdt/subsset v0.0.0-20180704174917-aa7d221d338e/go.mod h1:QdZzTonceNYzTjAL+ZnWFfzZc1q6fDq+2Q2vtGN3wcQ=
github.com/intdxdt/twiddle v0.0.0-20180605015803-8a5d3aeb2e67/go.mod h1:aos2CXzSXDP82nQmZbxyi3w7TAdnhNZ2kLRm3pI5SjI=
github.com/intdxdt/vect v0.0.0-20191214134333-3fe6478de6f9 h1:CIE8t3REDjNvNXcI0F0LGBNAPWKmZcoa9lnLIXrNJ+c=
github.com/intdxdt/vect v0.0.0-20191214134333-3fe6478de6f9/go.mod h1:lNiorpH/r7eobvyoFqRYUGM+VF1aYZ166a1Wtq/yjHg=
github.com/naoina/go-stringutil v0.1.0 h1:rCUeRUHjBjGTSHl0VC00jUPLz8/F9dDzYI70Hzifhks=
github.com/naoina/go-stringutil v0.1.0/go.mod h1:XJ2SJL9jCtBh+P9q5btrd/Ylo8XwT/h1USek5+NqSA0=
github.com/naoina/toml v0.1.1 h1:PT/lllxVVN0gzzSqSlHEmP8MJB4MY2U7STGxiouV4X8=
github.com/naoina/toml v0.1.1/go.mod h1:NBIhNtsFMo3G2szEBne+bO4gS192HuIYRqfvOWb4i1E=
